github.com/Kitt-AI/snowboy v1.3.0 h1:PjBVN84M/9tAzDBQXILAKMoJMxt/fT0nhJ1rhKtVRUc=
github.com/Kitt-AI/snowboy v1.3.0/go.mod h1:sDzzMXFQ1wFkXkZaX/ant0xJsizGVq/9hyKb7ZB3cNI=
github.com/brentnd/go-snowboy v0.0.0-20190301212623-e19133c572af h1:ijY5OHNQs3CdzTN2XT+zByIsR1QVyXTvOUSkQcBm6pw=
github.com/brentnd/go-snowboy v0.0.0-20190301212623-e19133c572af/go.mod h1:XcT4k8Tn9hrM5SLVvu5hNQbAC6GojXM0MXz1Rt8CL68=
github.com/davecgh/go-spew v1.1.1 h1:vj9j/u1bqnvCEfJOwUhtlOARqs3+rkHYY13jYWTU97c=
github.com/davecgh/go-spew v1.1.1/go.mod h1:J7Y8YcW2NihsgmVo/mv3lAwl/skON4iLHjSsI+c5H38=
github.com/gordonklaus/portaudio v0.0.0-20230709114228-aafa478834f5 h1:5AlozfqaVjGYGhms2OsdUyfdJME76E6rx5MdGpjzZpc=
github.com/gordonklaus/portaudio v0.0.0-20230709114228-aafa478834f5/go.mod h1:WY8R6YKlI2ZI3UyzFk7P6yGSuS+hFwNtEzrexRyD7Es=
github.com/pmezard/go-difflib v1.0.0 h1:4DBwDE0NGyQoBHbLQYPwSUPoCMWR5BEzIk/f1lZbAQM=
github.com/pmezard/go-difflib v1.0.0/go.mod h1:iKH77koFhYxTK1pcRnkKkqfTogsbg7gZNVY4sRDYZ/4=
github.com/stretchr/testify v1.9.0 h1:HtqpIVDClZ4nwg75+f6Lvsy/wHu+3BoSGCbBAcpTsTg=
github.com/stretchr/testify v1.9.0/go.mod h1:r2ic/lqez/lEtzL7wO/rwa5dbSLXVDPFyf8C91i36aY=
gopkg.in/yaml.v3 v3.0.1 h1:fxVm/GzAzEWqLHuvctI91KS9hhNmmWOoWu0XTYJS7CA=
gopkg.in/yaml.v3 v3.0.1/go.mod h1:K4uyk7z7BCEPqu6E+C64Yfv1cQ7kz7rIZviUmN+EgEM=
